
Microsoft Visual Studio Solution File, Format Version 12.00
# Visual Studio Version 16
VisualStudioVersion = 16.0.36324.18
MinimumVisualStudioVersion = 10.0.40219.1
Project("{FAE04EC0-301F-11D3-BF4B-00C04F79EFBC}") = "TalkToAPI", "TalkToAPI\TalkToAPI.csproj", "{EB454A8E-EC7B-40DE-92A9-C1FD58FD08B7}"
EndProject
Global
	GlobalSection(SolutionConfigurationPlatforms) = preSolution
		Debug|Any CPU = Debug|Any CPU
		Release|Any CPU = Release|Any CPU
	EndGlobalSection
	GlobalSection(ProjectConfigurationPlatforms) = postSolution
		{EB454A8E-EC7B-40DE-92A9-C1FD58FD08B7}.Debug|Any CPU.ActiveCfg = Debug|Any CPU
		{EB454A8E-EC7B-40DE-92A9-C1FD58FD08B7}.Debug|Any CPU.Build.0 = Debug|Any CPU
		{EB454A8E-EC7B-40DE-92A9-C1FD58FD08B7}.Release|Any CPU.ActiveCfg = Release|Any CPU
		{EB454A8E-EC7B-40DE-92A9-C1FD58FD08B7}.Release|Any CPU.Build.0 = Release|Any CPU
	EndGlobalSection
	GlobalSection(SolutionProperties) = preSolution
		HideSolutionNode = FALSE
	EndGlobalSection
	GlobalSection(ExtensibilityGlobals) = postSolution
		SolutionGuid = {7E543630-6203-44D1-B970-026149C4C08F}
	EndGlobalSection
EndGlobal
